{
  "name": "wallet_backend",
  "version": "1.0.0",
  "lockfileVersion": 2,
  "requires": true,
  "packages": {
    "": {
      "name": "wallet_backend",
      "version": "1.0.0",
      "license": "ISC",
      "dependencies": {
        "demon": "^1.4.4"
      }
    },
    "node_modules/demon": {
      "version": "1.4.4",
      "resolved": "https://registry.npmjs.org/demon/-/demon-1.4.4.tgz",
      "integrity": "sha512-7bC2iYsrI4cGiSYFEGr6QB01C+Bi/FmHesZZ4n1bT14+ifMP5JJ4CoOlYhgRsWQ0PRKHGuHBWKqU9e4UUeVJwA==",
      "dependencies": {
        "parseargv": "0.0.1"
      },
      "bin": {
        "demon": "bin/demon.js"
      }
    },
    "node_modules/parseargv": {
      "version": "0.0.1",
      "resolved": "https://registry.npmjs.org/parseargv/-/parseargv-0.0.1.tgz",
      "integrity": "sha512-2JHWZMQXjUM93/vNetIhE94WAVfv2PwSdRJj5IGOZOvjOJXGbOqEU3e+YPpltglnQT9+2XSRst/XdKBCrvjukA=="
    }
  },
  "dependencies": {
    "demon": {
      "version": "1.4.4",
      "resolved": "https://registry.npmjs.org/demon/-/demon-1.4.4.tgz",
      "integrity": "sha512-7bC2iYsrI4cGiSYFEGr6QB01C+Bi/FmHesZZ4n1bT14+ifMP5JJ4CoOlYhgRsWQ0PRKHGuHBWKqU9e4UUeVJwA==",
      "requires": {
        "parseargv": "0.0.1"
      }
    },
    "parseargv": {
      "version": "0.0.1",
      "resolved": "https://registry.npmjs.org/parseargv/-/parseargv-0.0.1.tgz",
      "integrity": "sha512-2JHWZMQXjUM93/vNetIhE94WAVfv2PwSdRJj5IGOZOvjOJXGbOqEU3e+YPpltglnQT9+2XSRst/XdKBCrvjukA=="
    }
  }
}
